
Microsoft Visual Studio Solution File, Format Version 12.00
# Visual Studio Version 17
VisualStudioVersion = 17.3.32825.248
MinimumVisualStudioVersion = 10.0.40219.1
Project("{888888A0-9F3D-457C-B088-3A5042F75D52}") = "PythonExercise9_3_1", "PythonExercise9_3_1.pyproj", "{29505BC2-29F3-44BA-BD83-35FBD82CC66C}"
EndProject
Global
	GlobalSection(SolutionConfigurationPlatforms) = preSolution
		Debug|Any CPU = Debug|Any CPU
		Release|Any CPU = Release|Any CPU
	EndGlobalSection
	GlobalSection(ProjectConfigurationPlatforms) = postSolution
		{29505BC2-29F3-44BA-BD83-35FBD82CC66C}.Debug|Any CPU.ActiveCfg = Debug|Any CPU
		{29505BC2-29F3-44BA-BD83-35FBD82CC66C}.Release|Any CPU.ActiveCfg = Release|Any CPU
	EndGlobalSection
	GlobalSection(SolutionProperties) = preSolution
		HideSolutionNode = FALSE
	EndGlobalSection
	GlobalSection(ExtensibilityGlobals) = postSolution
		SolutionGuid = {7B7B3E4E-A721-4246-9A4B-F9F5548A28F0}
	EndGlobalSection
EndGlobal
